codeberg.org/go-fonts/dejavu v0.4.0 h1:2yn58Vkh4CFK3ipacWUAIE3XVBGNa0y1bc95Bmfx91I=
codeberg.org/go-fonts/dejavu v0.4.0/go.mod h1:abni088lmhQJvso2Lsb7azCKzwkfcnttl6tL1UTWKzg=
codeberg.org/go-latex/latex v0.3.0 h1:LKTaDHFbEC2PH1sh0sYv6PZ1pzs/g2aoeV1HItWj/bg=
codeberg.org/go-latex/latex v0.3.0/go.mod h1:8ETijTpK2bFtwRAXLXe1RZJrYxnc5pibibZfQBj+Lk4=
github.com/Tangerg/oolong/components v0.19.0 h1:FxO71OuRu805TNm9bXceGahssyBnzsz9DwTsVAjEWX8=
github.com/Tangerg/oolong/components v0.19.0/go.mod h1:xud4WoIb197V0Tb2q+JpKuL7AayJ3jxERUfxwYuTS4g=
github.com/Tangerg/oolong/core v0.19.0 h1:gFRgR95n0skl2FdZNh72IPzjiJGQi8qJnlwoHRnCZ7Y=
github.com/Tangerg/oolong/core v0.19.0/go.mod h1:L8kcah6al1itVc7prEhnwDCmWCLg6BLCFnCalycc3sQ=
github.com/Tangerg/oolong/highlight v0.19.0 h1:UEo9rhBpne79TiZfGVHsBO7SL2Ztv9eWfP2nRhldgdQ=
github.com/Tangerg/oolong/highlight v0.19.0/go.mod h1:lUsgiymCHdUhx5F+KTK9+82+ZlVI8LVoiPK29DW/3a0=
github.com/Tangerg/oolong/latex v0.19.0 h1:WJo1pRqOEk7PczZAzz5/ZCTutZl5ufEJueDxrHqx3WM=
github.com/Tangerg/oolong/latex v0.19.0/go.mod h1:2c0fYllJ0Ib8YPrl0NBXfjQ8tIK2IoJS+IcTTdq6wRc=
github.com/Tangerg/oolong/markdown v0.19.0 h1:C+h13Xu1+S+xTgRfEzMnD9Xw0sgo5xvinGMLCeps+98=
github.com/Tangerg/oolong/markdown v0.19.0/go.mod h1:6K1C4CGYUFVijzsn4ZtPV4nOXTFTt0+DKvJ/mJclitE=
github.com/Tangerg/oolong/mermaid v0.19.0 h1:3dmYmxxF59U7LqMLXKp+bXnGGwS59JVfJEvvrYSwj7s=
github.com/Tangerg/oolong/mermaid v0.19.0/go.mod h1:eS67jTpkxiA68JwzTDH2b8FhR9I+Nce0oTsfrSzlu8M=
github.com/Tangerg/oolong/ptytest v0.19.0 h1:+y95Eut+bUH35JMJZ1Dp6BYciC+YuXrkZN3zKW2xEcI=
github.com/Tangerg/oolong/ptytest v0.19.0/go.mod h1:Kjoq0FbpJFvGiMV9lfhGLlbpV9NwSZi6b1WIOK+RAwI=
github.com/alecthomas/assert/v2 v2.11.0 h1:2Q9r3ki8+JYXvGsDyBXwH3LcJ+WK5D0gc5E8vS6K3D0=
github.com/alecthomas/assert/v2 v2.11.0/go.mod h1:Bze95FyfUr7x34QZrjL+XP+0qgp/zg8yS+TtBj1WA3k=
github.com/alecthomas/chroma/v2 v2.27.0 h1:FodwmyOBgJULFYmDqibcp9pvfDLWdtPRh9v/r5BXYZs=
github.com/alecthomas/chroma/v2 v2.27.0/go.mod h1:NjJ3ciIgrqBNeIkWZ4e46nseoLDslxU1LmfCoL+wcY8=
github.com/alecthomas/repr v0.5.2 h1:SU73FTI9D1P5UNtvseffFSGmdNci/O6RsqzeXJtP0Qs=
github.com/alecthomas/repr v0.5.2/go.mod h1:Fr0507jx4eOXV7AlPV6AVZLYrLIuIeSOWtW57eE/O/4=
github.com/clipperhouse/uax29/v2 v2.7.0 h1:+gs4oBZ2gPfVrKPthwbMzWZDaAFPGYK72F0NJv2v7Vk=
github.com/clipperhouse/uax29/v2 v2.7.0/go.mod h1:EFJ2TJMRUaplDxHKj1qAEhCtQPW2tJSwu5BF98AuoVM=
github.com/dlclark/regexp2/v2 v2.8.0 h1:CekDhPLGfm+GAJmPVFIG+5dqMIQPkyHJll7BbdneDfw=
github.com/dlclark/regexp2/v2 v2.8.0/go.mod h1:avUrQvPaLz2DrFNHJF0taWAFFX2C1GMSSoeiqFjcBmU=
github.com/hexops/gotextdiff v1.0.3 h1:gitA9+qJrrTCsiCl7+kh75nPqQt1cx4ZkudSTLoUqJM=
github.com/hexops/gotextdiff v1.0.3/go.mod h1:pSWU5MAI3yDq+fZBTazCSJysOMbxWL1BSow5/V2vxeg=
github.com/mattn/go-runewidth v0.0.30 h1:+KUuiDA4fF0R1p5FeueHefjDm+GIM+kWfFnDjybOPgk=
github.com/mattn/go-runewidth v0.0.30/go.mod h1:3qAiGCV4Koz/yuveO58qUefmUTRm8r0IGEXZ9jeHp/8=
github.com/rivo/uniseg v0.4.7 h1:WUdvkW8uEhrYfLC4ZzdpI2ztxP1I582+49Oc5Mq64VQ=
github.com/rivo/uniseg v0.4.7/go.mod h1:FN3SvrM+Zdj16jyLfmOkMNblXMcoc8DfTHruCPUcx88=
github.com/yuin/goldmark v1.8.6 h1:d0VcaP1sx9GkFVkoW+KtggpGi2KZ965i14b0+bDQST4=
github.com/yuin/goldmark v1.8.6/go.mod h1:ip/1k0VRfGynBgxOz0yCqHrbZXhcjxyuS66Brc7iBKg=
golang.org/x/image v0.46.0 h1:b1+oYj0Jbp6K5MDT4i4/eZpYlk3V8SJhhDKh6LBHAyQ=
golang.org/x/image v0.46.0/go.mod h1:3B3W05VGVQyuXucLINLjXKrqISASfi4Xj+iCVkLMwew=
golang.org/x/sys v0.48.0 h1:bbX/i/6MgT9BVLM9RT1thmxL04yeTAhbEz4SyadbXoo=
golang.org/x/sys v0.48.0/go.mod h1:hNLxWAXmnKAxqDtdwIYC4bM9oQPEecfsnNMuSxOs3og=
golang.org/x/term v0.46.0 h1:3+OXuTbaKDgwk8jTi3aSLHRlmWqHEUDUtxnbFigO4YE=
golang.org/x/term v0.46.0/go.mod h1:+K02xbkittuwc0Am4abfA3Fc+XRGXkvBXNO88NCXPoc=
golang.org/x/text v0.42.0 h1:JbOZXgfeCPU9gacVtYliJqOhD+zhrEqK4LfdpmlUZqI=
golang.org/x/text v0.42.0/go.mod h1:ojzP1Z+2QtioaF8DTtO8K5q7JWVVYwZKenzujK0Zd0E=
