github.com/Tangerg/oolong/components v0.4.0 h1:J98Y03CgvCQsK7Z+2a7WZhm6gygbdZ/mkt1BeyUxM+8=
github.com/Tangerg/oolong/components v0.4.0/go.mod h1:rVNbVRQVTXeLZ49mf4tjxcPslBFOgeBF1MjNonnP+3g=
github.com/Tangerg/oolong/core v0.4.0 h1:Z9N4o7Gav3E/Z+PWLl1sbi2E86r+ApY0yqDZaa2cQbI=
github.com/Tangerg/oolong/core v0.4.0/go.mod h1:zUZzUfvUNAedDusXlkkN1tC67ejzFOdFk7Kt854rOKc=
github.com/Tangerg/oolong/markdown v0.4.0 h1:WBeVFZLwbLa49B8qXmIdxD22U2pNQy+tgb6YIHCtFBc=
github.com/Tangerg/oolong/markdown v0.4.0/go.mod h1:GT08dn9fUjJElptbfDoUaNKgrW03W3+nSXrCW+T9nog=
github.com/Tangerg/oolong/ptytest v0.4.0 h1:wjZj3vZZkvp51kH7VwhuXycztGFLUFnOr0MQOFNo7rs=
github.com/Tangerg/oolong/ptytest v0.4.0/go.mod h1:sgfIdLmPzws3qegPOfjDb2u5Wi8t8UdU0lAw5bahMA4=
github.com/clipperhouse/uax29/v2 v2.2.0 h1:ChwIKnQN3kcZteTXMgb1wztSgaU+ZemkgWdohwgs8tY=
github.com/clipperhouse/uax29/v2 v2.2.0/go.mod h1:EFJ2TJMRUaplDxHKj1qAEhCtQPW2tJSwu5BF98AuoVM=
github.com/mattn/go-runewidth v0.0.27 h1:Feg/Oou5zI/wnpgDF6omIU0OokC9GxLC/WRknhVlIR0=
github.com/mattn/go-runewidth v0.0.27/go.mod h1:3qAiGCV4Koz/yuveO58qUefmUTRm8r0IGEXZ9jeHp/8=
github.com/rivo/uniseg v0.4.7 h1:WUdvkW8uEhrYfLC4ZzdpI2ztxP1I582+49Oc5Mq64VQ=
github.com/rivo/uniseg v0.4.7/go.mod h1:FN3SvrM+Zdj16jyLfmOkMNblXMcoc8DfTHruCPUcx88=
github.com/yuin/goldmark v1.8.5 h1:r6N5afV5qj/5S4UTch8agZHJ8UxNCMwX7WjkkJam2NA=
github.com/yuin/goldmark v1.8.5/go.mod h1:ip/1k0VRfGynBgxOz0yCqHrbZXhcjxyuS66Brc7iBKg=
golang.org/x/sys v0.47.0 h1:o7XGOvZQCADBQQ4Y7VNq2dRWQR7JmOUW8Kxx4ZsNgWs=
golang.org/x/sys v0.47.0/go.mod h1:4GL1E5IUh+htKOUEOaiffhrAeqysfVGipDYzABqnCmw=
golang.org/x/term v0.45.0 h1:NwWyBmoJCbfTHpxrWoZ9C6/VxOf7ic219I8xZZFdrf0=
golang.org/x/term v0.45.0/go.mod h1:9aqxs0blBcrm/n0L9QW0aRVD+ktan8ssZromtqJC43w=
